<?xml version="1.0" encoding="utf-8"?>
<Project ToolsVersion="4.0" xmlns="http://schemas.microsoft.com/developer/msbuild/2003">
  <ItemGroup>
    <Filter Include="Archivos de origen">
      <UniqueIdentifier>{4FC737F1-C7A5-4376-A066-2A32D752A2FF}</UniqueIdentifier>
      <Extensions>cpp;c;cc;cxx;c++;cppm;ixx;def;odl;idl;hpj;bat;asm;asmx</Extensions>
    </Filter>
    <Filter Include="Archivos de encabezado">
      <UniqueIdentifier>{93995380-89BD-4b04-88EB-625FBE52EBFB}</UniqueIdentifier>
      <Extensions>h;hh;hpp;hxx;h++;hm;inl;inc;ipp;xsd</Extensions>
    </Filter>
    <Filter Include="Archivos de recursos">
      <UniqueIdentifier>{67DA6AB6-F800-4c08-8B7A-83BB121AAD01}</UniqueIdentifier>
      <Extensions>rc;ico;cur;bmp;dlg;rc2;rct;bin;rgs;gif;jpg;jpeg;jpe;resx;tiff;tif;png;wav;mfcribbon-ms</Extensions>
    </Filter>
    <Filter Include="Game">
      <UniqueIdentifier>{a9a0c464-1b58-41d2-880e-5c80c89d2171}</UniqueIdentifier>
    </Filter>
    <Filter Include="Structures">
      <UniqueIdentifier>{e0cf706a-0661-44f1-aa49-900c2f385a01}</UniqueIdentifier>
    </Filter>
    <Filter Include="Interface">
      <UniqueIdentifier>{524f4b7c-eed2-4ef7-a117-ac432acb7135}</UniqueIdentifier>
    </Filter>
    <Filter Include="Sorting">
      <UniqueIdentifier>{ea7866f7-3440-481c-9374-fe4cc800e484}</UniqueIdentifier>
    </Filter>
  </ItemGroup>
  <ItemGroup>
    <ClCompile Include="Tetris.cpp">
      <Filter>Archivos de origen</Filter>
    </ClCompile>
    <ClCompile Include="Piece.cpp">
      <Filter>Game</Filter>
    </ClCompile>
    <ClCompile Include="Board.cpp">
      <Filter>Game</Filter>
    </ClCompile>
    <ClCompile Include="RowList.cpp">
      <Filter>Structures</Filter>
    </ClCompile>
    <ClCompile Include="Game.cpp">
      <Filter>Game</Filter>
    </ClCompile>
    <ClCompile Include="GameRenderer.cpp">
      <Filter>Interface</Filter>
    </ClCompile>
  </ItemGroup>
  <ItemGroup>
    <ClInclude Include="Constants.h">
      <Filter>Archivos de encabezado</Filter>
    </ClInclude>
    <ClInclude Include="Cola.h">
      <Filter>Structures</Filter>
    </ClInclude>
    <ClInclude Include="Pila.h">
      <Filter>Structures</Filter>
    </ClInclude>
    <ClInclude Include="RowList.h">
      <Filter>Structures</Filter>
    </ClInclude>
    <ClInclude Include="MovementList.h">
      <Filter>Structures</Filter>
    </ClInclude>
    <ClInclude Include="ColaEvent.h">
      <Filter>Structures</Filter>
    </ClInclude>
    <ClInclude Include="GameRenderer.h">
      <Filter>Interface</Filter>
    </ClInclude>
    <ClInclude Include="Button.h">
      <Filter>Interface</Filter>
    </ClInclude>
    <ClInclude Include="GameText.h">
      <Filter>Interface</Filter>
    </ClInclude>
    <ClInclude Include="Piece.h">
      <Filter>Game</Filter>
    </ClInclude>
    <ClInclude Include="Board.h">
      <Filter>Game</Filter>
    </ClInclude>
    <ClInclude Include="Event.h">
      <Filter>Game</Filter>
    </ClInclude>
    <ClInclude Include="Sorting.h">
      <Filter>Sorting</Filter>
    </ClInclude>
    <ClInclude Include="Game.h">
      <Filter>Game</Filter>
    </ClInclude>
  </ItemGroup>
</Project>